
Microsoft Visual Studio Solution File, Format Version 12.00
# Visual Studio 15
VisualStudioVersion = 15.0.27428.2015
MinimumVisualStudioVersion = 10.0.40219.1
Project("{FAE04EC0-301F-11D3-BF4B-00C04F79EFBC}") = "RevitClassLibrary_TEST_2", "RevitClassLibrary_TEST_2\RevitClassLibrary_TEST_2.csproj", "{CE610540-6326-4618-9C37-16352A56D13D}"
EndProject
Global
	GlobalSection(SolutionConfigurationPlatforms) = preSolution
		Debug|Any CPU = Debug|Any CPU
		Release|Any CPU = Release|Any CPU
	EndGlobalSection
	GlobalSection(ProjectConfigurationPlatforms) = postSolution
		{CE610540-6326-4618-9C37-16352A56D13D}.Debug|Any CPU.ActiveCfg = Debug|Any CPU
		{CE610540-6326-4618-9C37-16352A56D13D}.Debug|Any CPU.Build.0 = Debug|Any CPU
		{CE610540-6326-4618-9C37-16352A56D13D}.Release|Any CPU.ActiveCfg = Release|Any CPU
		{CE610540-6326-4618-9C37-16352A56D13D}.Release|Any CPU.Build.0 = Release|Any CPU
	EndGlobalSection
	GlobalSection(SolutionProperties) = preSolution
		HideSolutionNode = FALSE
	EndGlobalSection
	GlobalSection(ExtensibilityGlobals) = postSolution
		SolutionGuid = {C386CB85-F592-4A89-8855-6CD97739A39F}
	EndGlobalSection
EndGlobal
